
Microsoft Visual Studio Solution File, Format Version 12.00
# Visual Studio 15
VisualStudioVersion = 15.0.28307.136
MinimumVisualStudioVersion = 10.0.40219.1
Project("{9092AA53-FB77-4645-B42D-1CCCA6BD08BD}") = "blog.bibi.io", "blog.bibi.io\blog.bibi.io.njsproj", "{D83D0223-C3E2-49A8-BDE8-AA35CC8E9AA3}"
EndProject
Global
	GlobalSection(SolutionConfigurationPlatforms) = preSolution
		Debug|Any CPU = Debug|Any CPU
		Release|Any CPU = Release|Any CPU
	EndGlobalSection
	GlobalSection(ProjectConfigurationPlatforms) = postSolution
		{D83D0223-C3E2-49A8-BDE8-AA35CC8E9AA3}.Debug|Any CPU.ActiveCfg = Debug|Any CPU
		{D83D0223-C3E2-49A8-BDE8-AA35CC8E9AA3}.Debug|Any CPU.Build.0 = Debug|Any CPU
		{D83D0223-C3E2-49A8-BDE8-AA35CC8E9AA3}.Release|Any CPU.ActiveCfg = Release|Any CPU
		{D83D0223-C3E2-49A8-BDE8-AA35CC8E9AA3}.Release|Any CPU.Build.0 = Release|Any CPU
	EndGlobalSection
	GlobalSection(SolutionProperties) = preSolution
		HideSolutionNode = FALSE
	EndGlobalSection
	GlobalSection(ExtensibilityGlobals) = postSolution
		SolutionGuid = {79913FC2-5B50-48DB-BFA0-037ECF26CCD6}
	EndGlobalSection
EndGlobal
